
Microsoft Visual Studio Solution File, Format Version 12.00
# Visual Studio Version 17
VisualStudioVersion = 17.7.34018.315
MinimumVisualStudioVersion = 10.0.40219.1
Project("{FAE04EC0-301F-11D3-BF4B-00C04F79EFBC}") = "OrleansVsAkka.VisugXL.Akka.Host", "OrleansVsAkka.VisugXL.Akka.Host\OrleansVsAkka.VisugXL.Akka.Host.csproj", "{516A1C78-1CA7-446E-80BE-B8F53B4387F7}"
EndProject
Global
	GlobalSection(SolutionConfigurationPlatforms) = preSolution
		Debug|Any CPU = Debug|Any CPU
		Release|Any CPU = Release|Any CPU
	EndGlobalSection
	GlobalSection(ProjectConfigurationPlatforms) = postSolution
		{516A1C78-1CA7-446E-80BE-B8F53B4387F7}.Debug|Any CPU.ActiveCfg = Debug|Any CPU
		{516A1C78-1CA7-446E-80BE-B8F53B4387F7}.Debug|Any CPU.Build.0 = Debug|Any CPU
		{516A1C78-1CA7-446E-80BE-B8F53B4387F7}.Release|Any CPU.ActiveCfg = Release|Any CPU
		{516A1C78-1CA7-446E-80BE-B8F53B4387F7}.Release|Any CPU.Build.0 = Release|Any CPU
	EndGlobalSection
	GlobalSection(SolutionProperties) = preSolution
		HideSolutionNode = FALSE
	EndGlobalSection
	GlobalSection(ExtensibilityGlobals) = postSolution
		SolutionGuid = {B98268C8-43B5-4E89-A1A0-FE5F4AC47309}
	EndGlobalSection
EndGlobal
